
Microsoft Visual Studio Solution File, Format Version 12.00
# Visual Studio 14
VisualStudioVersion = 14.0.25420.1
MinimumVisualStudioVersion = 10.0.40219.1
Project("{FAE04EC0-301F-11D3-BF4B-00C04F79EFBC}") = "ArtApp.Droid", "ArtApp\ArtApp.Droid\ArtApp.Droid.csproj", "{4DF962DD-A01F-42D7-B367-89EFA80385B3}"
EndProject
Project("{FAE04EC0-301F-11D3-BF4B-00C04F79EFBC}") = "ArtApp.iOS", "ArtApp\ArtApp.iOS\ArtApp.iOS.csproj", "{B8669EC5-BE29-4914-AF7E-308D8FFBEAEC}"
EndProject
Project("{FAE04EC0-301F-11D3-BF4B-00C04F79EFBC}") = "ArtApp.WinPhone", "ArtApp\ArtApp.WinPhone\ArtApp.WinPhone.csproj", "{C3B9E9FB-651C-42C8-9F2F-EA7D48B56FF4}"
EndProject
Project("{FAE04EC0-301F-11D3-BF4B-00C04F79EFBC}") = "ArtApp.UWP", "ArtApp\ArtApp.UWP\ArtApp.UWP.csproj", "{0D255CC6-5FD9-4C7F-9AE2-A91B9877C185}"
EndProject
Project("{FAE04EC0-301F-11D3-BF4B-00C04F79EFBC}") = "ArtApp.Windows", "ArtApp\ArtApp.Windows\ArtApp.Windows.csproj", "{289CCF65-3A8B-487B-8A64-8F8957BCC007}"
EndProject
Project("{FAE04EC0-301F-11D3-BF4B-00C04F79EFBC}") = "ArtApp", "ArtApp\ArtApp\ArtApp.csproj", "{5A706BA1-0160-4E62-8271-F268C9ED4C39}"
EndProject
Global
	GlobalSection(SolutionConfigurationPlatforms) = preSolution
		Ad-Hoc|Any CPU = Ad-Hoc|Any CPU
		Ad-Hoc|ARM = Ad-Hoc|ARM
		Ad-Hoc|iPhone = Ad-Hoc|iPhone
		Ad-Hoc|iPhoneSimulator = Ad-Hoc|iPhoneSimulator
		Ad-Hoc|x64 = Ad-Hoc|x64
		Ad-Hoc|x86 = Ad-Hoc|x86
		AppStore|Any CPU = AppStore|Any CPU
		AppStore|ARM = AppStore|ARM
		AppStore|iPhone = AppStore|iPhone
		AppStore|iPhoneSimulator = AppStore|iPhoneSimulator
		AppStore|x64 = AppStore|x64
		AppStore|x86 = AppStore|x86
		Debug|Any CPU = Debug|Any CPU
		Debug|ARM = Debug|ARM
		Debug|iPhone = Debug|iPhone
		Debug|iPhoneSimulator = Debug|iPhoneSimulator
		Debug|x64 = Debug|x64
		Debug|x86 = Debug|x86
		Release|Any CPU = Release|Any CPU
		Release|ARM = Release|ARM
		Release|iPhone = Release|iPhone
		Release|iPhoneSimulator = Release|iPhoneSimulator
		Release|x64 = Release|x64
		Release|x86 = Release|x86
	EndGlobalSection
	GlobalSection(ProjectConfigurationPlatforms) = postSolution
		{4DF962DD-A01F-42D7-B367-89EFA80385B3}.Ad-Hoc|Any CPU.ActiveCfg = Release|Any CPU
		{4DF962DD-A01F-42D7-B367-89EFA80385B3}.Ad-Hoc|Any CPU.Build.0 = Release|Any CPU
		{4DF962DD-A01F-42D7-B367-89EFA80385B3}.Ad-Hoc|Any CPU.Deploy.0 = Release|Any CPU
		{4DF962DD-A01F-42D7-B367-89EFA80385B3}.Ad-Hoc|ARM.ActiveCfg = Release|Any CPU
		{4DF962DD-A01F-42D7-B367-89EFA80385B3}.Ad-Hoc|ARM.Build.0 = Release|Any CPU
		{4DF962DD-A01F-42D7-B367-89EFA80385B3}.Ad-Hoc|ARM.Deploy.0 = Release|Any CPU
		{4DF962DD-A01F-42D7-B367-89EFA80385B3}.Ad-Hoc|iPhone.ActiveCfg = Release|Any CPU
		{4DF962DD-A01F-42D7-B367-89EFA80385B3}.Ad-Hoc|iPhone.Build.0 = Release|Any CPU
		{4DF962DD-A01F-42D7-B367-89EFA80385B3}.Ad-Hoc|iPhone.Deploy.0 = Release|Any CPU
		{4DF962DD-A01F-42D7-B367-89EFA80385B3}.Ad-Hoc|iPhoneSimulator.ActiveCfg = Release|Any CPU
		{4DF962DD-A01F-42D7-B367-89EFA80385B3}.Ad-Hoc|iPhoneSimulator.Build.0 = Release|Any CPU
		{4DF962DD-A01F-42D7-B367-89EFA80385B3}.Ad-Hoc|iPhoneSimulator.Deploy.0 = Release|Any CPU
		{4DF962DD-A01F-42D7-B367-89EFA80385B3}.Ad-Hoc|x64.ActiveCfg = Release|Any CPU
		{4DF962DD-A01F-42D7-B367-89EFA80385B3}.Ad-Hoc|x64.Build.0 = Release|Any CPU
		{4DF962DD-A01F-42D7-B367-89EFA80385B3}.Ad-Hoc|x64.Deploy.0 = Release|Any CPU
		{4DF962DD-A01F-42D7-B367-89EFA80385B3}.Ad-Hoc|x86.ActiveCfg = Release|Any CPU
		{4DF962DD-A01F-42D7-B367-89EFA80385B3}.Ad-Hoc|x86.Build.0 = Release|Any CPU
		{4DF962DD-A01F-42D7-B367-89EFA80385B3}.Ad-Hoc|x86.Deploy.0 = Release|Any CPU
		{4DF962DD-A01F-42D7-B367-89EFA80385B3}.AppStore|Any CPU.ActiveCfg = Release|Any CPU
		{4DF962DD-A01F-42D7-B367-89EFA80385B3}.AppStore|Any CPU.Build.0 = Release|Any CPU
		{4DF962DD-A01F-42D7-B367-89EFA80385B3}.AppStore|Any CPU.Deploy.0 = Release|Any CPU
		{4DF962DD-A01F-42D7-B367-89EFA80385B3}.AppStore|ARM.ActiveCfg = Release|Any CPU
		{4DF962DD-A01F-42D7-B367-89EFA80385B3}.AppStore|ARM.Build.0 = Release|Any CPU
		{4DF962DD-A01F-42D7-B367-89EFA80385B3}.AppStore|ARM.Deploy.0 = Release|Any CPU
		{4DF962DD-A01F-42D7-B367-89EFA80385B3}.AppStore|iPhone.ActiveCfg = Release|Any CPU
		{4DF962DD-A01F-42D7-B367-89EFA80385B3}.AppStore|iPhone.Build.0 = Release|Any CPU
		{4DF962DD-A01F-42D7-B367-89EFA80385B3}.AppStore|iPhone.Deploy.0 = Release|Any CPU
		{4DF962DD-A01F-42D7-B367-89EFA80385B3}.AppStore|iPhoneSimulator.ActiveCfg = Release|Any CPU
		{4DF962DD-A01F-42D7-B367-89EFA80385B3}.AppStore|iPhoneSimulator.Build.0 = Release|Any CPU
		{4DF962DD-A01F-42D7-B367-89EFA80385B3}.AppStore|iPhoneSimulator.Deploy.0 = Release|Any CPU
		{4DF962DD-A01F-42D7-B367-89EFA80385B3}.AppStore|x64.ActiveCfg = Release|Any CPU
		{4DF962DD-A01F-42D7-B367-89EFA80385B3}.AppStore|x64.Build.0 = Release|Any CPU
		{4DF962DD-A01F-42D7-B367-89EFA80385B3}.AppStore|x64.Deploy.0 = Release|Any CPU
		{4DF962DD-A01F-42D7-B367-89EFA80385B3}.AppStore|x86.ActiveCfg = Release|Any CPU
		{4DF962DD-A01F-42D7-B367-89EFA80385B3}.AppStore|x86.Build.0 = Release|Any CPU
		{4DF962DD-A01F-42D7-B367-89EFA80385B3}.AppStore|x86.Deploy.0 = Release|Any CPU
		{4DF962DD-A01F-42D7-B367-89EFA80385B3}.Debug|Any CPU.ActiveCfg = Debug|Any CPU
		{4DF962DD-A01F-42D7-B367-89EFA80385B3}.Debug|Any CPU.Build.0 = Debug|Any CPU
		{4DF962DD-A01F-42D7-B367-89EFA80385B3}.Debug|Any CPU.Deploy.0 = Debug|Any CPU
		{4DF962DD-A01F-42D7-B367-89EFA80385B3}.Debug|ARM.ActiveCfg = Debug|Any CPU
		{4DF962DD-A01F-42D7-B367-89EFA80385B3}.Debug|ARM.Build.0 = Debug|Any CPU
		{4DF962DD-A01F-42D7-B367-89EFA80385B3}.Debug|ARM.Deploy.0 = Debug|Any CPU
		{4DF962DD-A01F-42D7-B367-89EFA80385B3}.Debug|iPhone.ActiveCfg = Debug|Any CPU
		{4DF962DD-A01F-42D7-B367-89EFA80385B3}.Debug|iPhone.Build.0 = Debug|Any CPU
		{4DF962DD-A01F-42D7-B367-89EFA80385B3}.Debug|iPhone.Deploy.0 = Debug|Any CPU
		{4DF962DD-A01F-42D7-B367-89EFA80385B3}.Debug|iPhoneSimulator.ActiveCfg = Debug|Any CPU
		{4DF962DD-A01F-42D7-B367-89EFA80385B3}.Debug|iPhoneSimulator.Build.0 = Debug|Any CPU
		{4DF962DD-A01F-42D7-B367-89EFA80385B3}.Debug|iPhoneSimulator.Deploy.0 = Debug|Any CPU
		{4DF962DD-A01F-42D7-B367-89EFA80385B3}.Debug|x64.ActiveCfg = Debug|Any CPU
		{4DF962DD-A01F-42D7-B367-89EFA80385B3}.Debug|x64.Build.0 = Debug|Any CPU
		{4DF962DD-A01F-42D7-B367-89EFA80385B3}.Debug|x64.Deploy.0 = Debug|Any CPU
		{4DF962DD-A01F-42D7-B367-89EFA80385B3}.Debug|x86.ActiveCfg = Debug|Any CPU
		{4DF962DD-A01F-42D7-B367-89EFA80385B3}.Debug|x86.Build.0 = Debug|Any CPU
		{4DF962DD-A01F-42D7-B367-89EFA80385B3}.Debug|x86.Deploy.0 = Debug|Any CPU
		{4DF962DD-A01F-42D7-B367-89EFA80385B3}.Release|Any CPU.ActiveCfg = Release|Any CPU
		{4DF962DD-A01F-42D7-B367-89EFA80385B3}.Release|Any CPU.Build.0 = Release|Any CPU
		{4DF962DD-A01F-42D7-B367-89EFA80385B3}.Release|Any CPU.Deploy.0 = Release|Any CPU
		{4DF962DD-A01F-42D7-B367-89EFA80385B3}.Release|ARM.ActiveCfg = Release|Any CPU
		{4DF962DD-A01F-42D7-B367-89EFA80385B3}.Release|ARM.Build.0 = Release|Any CPU
		{4DF962DD-A01F-42D7-B367-89EFA80385B3}.Release|ARM.Deploy.0 = Release|Any CPU
		{4DF962DD-A01F-42D7-B367-89EFA80385B3}.Release|iPhone.ActiveCfg = Release|Any CPU
		{4DF962DD-A01F-42D7-B367-89EFA80385B3}.Release|iPhone.Build.0 = Release|Any CPU
		{4DF962DD-A01F-42D7-B367-89EFA80385B3}.Release|iPhone.Deploy.0 = Release|Any CPU
		{4DF962DD-A01F-42D7-B367-89EFA80385B3}.Release|iPhoneSimulator.ActiveCfg = Release|Any CPU
		{4DF962DD-A01F-42D7-B367-89EFA80385B3}.Release|iPhoneSimulator.Build.0 = Release|Any CPU
		{4DF962DD-A01F-42D7-B367-89EFA80385B3}.Release|iPhoneSimulator.Deploy.0 = Release|Any CPU
		{4DF962DD-A01F-42D7-B367-89EFA80385B3}.Release|x64.ActiveCfg = Release|Any CPU
		{4DF962DD-A01F-42D7-B367-89EFA80385B3}.Release|x64.Build.0 = Release|Any CPU
		{4DF962DD-A01F-42D7-B367-89EFA80385B3}.Release|x64.Deploy.0 = Release|Any CPU
		{4DF962DD-A01F-42D7-B367-89EFA80385B3}.Release|x86.ActiveCfg = Release|Any CPU
		{4DF962DD-A01F-42D7-B367-89EFA80385B3}.Release|x86.Build.0 = Release|Any CPU
		{4DF962DD-A01F-42D7-B367-89EFA80385B3}.Release|x86.Deploy.0 = Release|Any CPU
		{B8669EC5-BE29-4914-AF7E-308D8FFBEAEC}.Ad-Hoc|Any CPU.ActiveCfg = Ad-Hoc|iPhone
		{B8669EC5-BE29-4914-AF7E-308D8FFBEAEC}.Ad-Hoc|ARM.ActiveCfg = Ad-Hoc|iPhone
		{B8669EC5-BE29-4914-AF7E-308D8FFBEAEC}.Ad-Hoc|iPhone.ActiveCfg = Ad-Hoc|iPhone
		{B8669EC5-BE29-4914-AF7E-308D8FFBEAEC}.Ad-Hoc|iPhone.Build.0 = Ad-Hoc|iPhone
		{B8669EC5-BE29-4914-AF7E-308D8FFBEAEC}.Ad-Hoc|iPhoneSimulator.ActiveCfg = Ad-Hoc|iPhoneSimulator
		{B8669EC5-BE29-4914-AF7E-308D8FFBEAEC}.Ad-Hoc|iPhoneSimulator.Build.0 = Ad-Hoc|iPhoneSimulator
		{B8669EC5-BE29-4914-AF7E-308D8FFBEAEC}.Ad-Hoc|x64.ActiveCfg = Ad-Hoc|iPhone
		{B8669EC5-BE29-4914-AF7E-308D8FFBEAEC}.Ad-Hoc|x86.ActiveCfg = Ad-Hoc|iPhone
		{B8669EC5-BE29-4914-AF7E-308D8FFBEAEC}.AppStore|Any CPU.ActiveCfg = AppStore|iPhone
		{B8669EC5-BE29-4914-AF7E-308D8FFBEAEC}.AppStore|ARM.ActiveCfg = AppStore|iPhone
		{B8669EC5-BE29-4914-AF7E-308D8FFBEAEC}.AppStore|iPhone.ActiveCfg = AppStore|iPhone
		{B8669EC5-BE29-4914-AF7E-308D8FFBEAEC}.AppStore|iPhone.Build.0 = AppStore|iPhone
		{B8669EC5-BE29-4914-AF7E-308D8FFBEAEC}.AppStore|iPhoneSimulator.ActiveCfg = AppStore|iPhoneSimulator
		{B8669EC5-BE29-4914-AF7E-308D8FFBEAEC}.AppStore|iPhoneSimulator.Build.0 = AppStore|iPhoneSimulator
		{B8669EC5-BE29-4914-AF7E-308D8FFBEAEC}.AppStore|x64.ActiveCfg = AppStore|iPhone
		{B8669EC5-BE29-4914-AF7E-308D8FFBEAEC}.AppStore|x86.ActiveCfg = AppStore|iPhone
		{B8669EC5-BE29-4914-AF7E-308D8FFBEAEC}.Debug|Any CPU.ActiveCfg = Debug|iPhone
		{B8669EC5-BE29-4914-AF7E-308D8FFBEAEC}.Debug|ARM.ActiveCfg = Debug|iPhone
		{B8669EC5-BE29-4914-AF7E-308D8FFBEAEC}.Debug|iPhone.ActiveCfg = Debug|iPhone
		{B8669EC5-BE29-4914-AF7E-308D8FFBEAEC}.Debug|iPhone.Build.0 = Debug|iPhone
		{B8669EC5-BE29-4914-AF7E-308D8FFBEAEC}.Debug|iPhoneSimulator.ActiveCfg = Debug|iPhoneSimulator
		{B8669EC5-BE29-4914-AF7E-308D8FFBEAEC}.Debug|iPhoneSimulator.Build.0 = Debug|iPhoneSimulator
		{B8669EC5-BE29-4914-AF7E-308D8FFBEAEC}.Debug|x64.ActiveCfg = Debug|iPhone
		{B8669EC5-BE29-4914-AF7E-308D8FFBEAEC}.Debug|x86.ActiveCfg = Debug|iPhone
		{B8669EC5-BE29-4914-AF7E-308D8FFBEAEC}.Release|Any CPU.ActiveCfg = Release|iPhone
		{B8669EC5-BE29-4914-AF7E-308D8FFBEAEC}.Release|ARM.ActiveCfg = Release|iPhone
		{B8669EC5-BE29-4914-AF7E-308D8FFBEAEC}.Release|iPhone.ActiveCfg = Release|iPhone
		{B8669EC5-BE29-4914-AF7E-308D8FFBEAEC}.Release|iPhone.Build.0 = Release|iPhone
		{B8669EC5-BE29-4914-AF7E-308D8FFBEAEC}.Release|iPhoneSimulator.ActiveCfg = Release|iPhoneSimulator
		{B8669EC5-BE29-4914-AF7E-308D8FFBEAEC}.Release|iPhoneSimulator.Build.0 = Release|iPhoneSimulator
		{B8669EC5-BE29-4914-AF7E-308D8FFBEAEC}.Release|x64.ActiveCfg = Release|iPhone
		{B8669EC5-BE29-4914-AF7E-308D8FFBEAEC}.Release|x86.ActiveCfg = Release|iPhone
		{C3B9E9FB-651C-42C8-9F2F-EA7D48B56FF4}.Ad-Hoc|Any CPU.ActiveCfg = Release|Any CPU
		{C3B9E9FB-651C-42C8-9F2F-EA7D48B56FF4}.Ad-Hoc|Any CPU.Build.0 = Release|Any CPU
		{C3B9E9FB-651C-42C8-9F2F-EA7D48B56FF4}.Ad-Hoc|Any CPU.Deploy.0 = Release|Any CPU
		{C3B9E9FB-651C-42C8-9F2F-EA7D48B56FF4}.Ad-Hoc|ARM.ActiveCfg = Release|ARM
		{C3B9E9FB-651C-42C8-9F2F-EA7D48B56FF4}.Ad-Hoc|ARM.Build.0 = Release|ARM
		{C3B9E9FB-651C-42C8-9F2F-EA7D48B56FF4}.Ad-Hoc|ARM.Deploy.0 = Release|ARM
		{C3B9E9FB-651C-42C8-9F2F-EA7D48B56FF4}.Ad-Hoc|iPhone.ActiveCfg = Release|Any CPU
		{C3B9E9FB-651C-42C8-9F2F-EA7D48B56FF4}.Ad-Hoc|iPhone.Build.0 = Release|Any CPU
		{C3B9E9FB-651C-42C8-9F2F-EA7D48B56FF4}.Ad-Hoc|iPhone.Deploy.0 = Release|Any CPU
		{C3B9E9FB-651C-42C8-9F2F-EA7D48B56FF4}.Ad-Hoc|iPhoneSimulator.ActiveCfg = Release|Any CPU
		{C3B9E9FB-651C-42C8-9F2F-EA7D48B56FF4}.Ad-Hoc|iPhoneSimulator.Build.0 = Release|Any CPU
		{C3B9E9FB-651C-42C8-9F2F-EA7D48B56FF4}.Ad-Hoc|iPhoneSimulator.Deploy.0 = Release|Any CPU
		{C3B9E9FB-651C-42C8-9F2F-EA7D48B56FF4}.Ad-Hoc|x64.ActiveCfg = Release|Any CPU
		{C3B9E9FB-651C-42C8-9F2F-EA7D48B56FF4}.Ad-Hoc|x64.Build.0 = Release|Any CPU
		{C3B9E9FB-651C-42C8-9F2F-EA7D48B56FF4}.Ad-Hoc|x64.Deploy.0 = Release|Any CPU
		{C3B9E9FB-651C-42C8-9F2F-EA7D48B56FF4}.Ad-Hoc|x86.ActiveCfg = Release|x86
		{C3B9E9FB-651C-42C8-9F2F-EA7D48B56FF4}.Ad-Hoc|x86.Build.0 = Release|x86
		{C3B9E9FB-651C-42C8-9F2F-EA7D48B56FF4}.Ad-Hoc|x86.Deploy.0 = Release|x86
		{C3B9E9FB-651C-42C8-9F2F-EA7D48B56FF4}.AppStore|Any CPU.ActiveCfg = Release|Any CPU
		{C3B9E9FB-651C-42C8-9F2F-EA7D48B56FF4}.AppStore|Any CPU.Build.0 = Release|Any CPU
		{C3B9E9FB-651C-42C8-9F2F-EA7D48B56FF4}.AppStore|Any CPU.Deploy.0 = Release|Any CPU
		{C3B9E9FB-651C-42C8-9F2F-EA7D48B56FF4}.AppStore|ARM.ActiveCfg = Release|ARM
		{C3B9E9FB-651C-42C8-9F2F-EA7D48B56FF4}.AppStore|ARM.Build.0 = Release|ARM
		{C3B9E9FB-651C-42C8-9F2F-EA7D48B56FF4}.AppStore|ARM.Deploy.0 = Release|ARM
		{C3B9E9FB-651C-42C8-9F2F-EA7D48B56FF4}.AppStore|iPhone.ActiveCfg = Release|Any CPU
		{C3B9E9FB-651C-42C8-9F2F-EA7D48B56FF4}.AppStore|iPhone.Build.0 = Release|Any CPU
		{C3B9E9FB-651C-42C8-9F2F-EA7D48B56FF4}.AppStore|iPhone.Deploy.0 = Release|Any CPU
		{C3B9E9FB-651C-42C8-9F2F-EA7D48B56FF4}.AppStore|iPhoneSimulator.ActiveCfg = Release|Any CPU
		{C3B9E9FB-651C-42C8-9F2F-EA7D48B56FF4}.AppStore|iPhoneSimulator.Build.0 = Release|Any CPU
		{C3B9E9FB-651C-42C8-9F2F-EA7D48B56FF4}.AppStore|iPhoneSimulator.Deploy.0 = Release|Any CPU
		{C3B9E9FB-651C-42C8-9F2F-EA7D48B56FF4}.AppStore|x64.ActiveCfg = Release|Any CPU
		{C3B9E9FB-651C-42C8-9F2F-EA7D48B56FF4}.AppStore|x64.Build.0 = Release|Any CPU
		{C3B9E9FB-651C-42C8-9F2F-EA7D48B56FF4}.AppStore|x64.Deploy.0 = Release|Any CPU
		{C3B9E9FB-651C-42C8-9F2F-EA7D48B56FF4}.AppStore|x86.ActiveCfg = Release|x86
		{C3B9E9FB-651C-42C8-9F2F-EA7D48B56FF4}.AppStore|x86.Build.0 = Release|x86
		{C3B9E9FB-651C-42C8-9F2F-EA7D48B56FF4}.AppStore|x86.Deploy.0 = Release|x86
		{C3B9E9FB-651C-42C8-9F2F-EA7D48B56FF4}.Debug|Any CPU.ActiveCfg = Debug|Any CPU
		{C3B9E9FB-651C-42C8-9F2F-EA7D48B56FF4}.Debug|Any CPU.Build.0 = Debug|Any CPU
		{C3B9E9FB-651C-42C8-9F2F-EA7D48B56FF4}.Debug|Any CPU.Deploy.0 = Debug|Any CPU
		{C3B9E9FB-651C-42C8-9F2F-EA7D48B56FF4}.Debug|ARM.ActiveCfg = Debug|ARM
		{C3B9E9FB-651C-42C8-9F2F-EA7D48B56FF4}.Debug|ARM.Build.0 = Debug|ARM
		{C3B9E9FB-651C-42C8-9F2F-EA7D48B56FF4}.Debug|ARM.Deploy.0 = Debug|ARM
		{C3B9E9FB-651C-42C8-9F2F-EA7D48B56FF4}.Debug|iPhone.ActiveCfg = Debug|Any CPU
		{C3B9E9FB-651C-42C8-9F2F-EA7D48B56FF4}.Debug|iPhone.Build.0 = Debug|Any CPU
		{C3B9E9FB-651C-42C8-9F2F-EA7D48B56FF4}.Debug|iPhone.Deploy.0 = Debug|Any CPU
		{C3B9E9FB-651C-42C8-9F2F-EA7D48B56FF4}.Debug|iPhoneSimulator.ActiveCfg = Debug|Any CPU
		{C3B9E9FB-651C-42C8-9F2F-EA7D48B56FF4}.Debug|iPhoneSimulator.Build.0 = Debug|Any CPU
		{C3B9E9FB-651C-42C8-9F2F-EA7D48B56FF4}.Debug|iPhoneSimulator.Deploy.0 = Debug|Any CPU
		{C3B9E9FB-651C-42C8-9F2F-EA7D48B56FF4}.Debug|x64.ActiveCfg = Debug|Any CPU
		{C3B9E9FB-651C-42C8-9F2F-EA7D48B56FF4}.Debug|x64.Build.0 = Debug|Any CPU
		{C3B9E9FB-651C-42C8-9F2F-EA7D48B56FF4}.Debug|x64.Deploy.0 = Debug|Any CPU
		{C3B9E9FB-651C-42C8-9F2F-EA7D48B56FF4}.Debug|x86.ActiveCfg = Debug|x86
		{C3B9E9FB-651C-42C8-9F2F-EA7D48B56FF4}.Debug|x86.Build.0 = Debug|x86
		{C3B9E9FB-651C-42C8-9F2F-EA7D48B56FF4}.Debug|x86.Deploy.0 = Debug|x86
		{C3B9E9FB-651C-42C8-9F2F-EA7D48B56FF4}.Release|Any CPU.ActiveCfg = Release|Any CPU
		{C3B9E9FB-651C-42C8-9F2F-EA7D48B56FF4}.Release|Any CPU.Build.0 = Release|Any CPU
		{C3B9E9FB-651C-42C8-9F2F-EA7D48B56FF4}.Release|Any CPU.Deploy.0 = Release|Any CPU
		{C3B9E9FB-651C-42C8-9F2F-EA7D48B56FF4}.Release|ARM.ActiveCfg = Release|ARM
		{C3B9E9FB-651C-42C8-9F2F-EA7D48B56FF4}.Release|ARM.Build.0 = Release|ARM
		{C3B9E9FB-651C-42C8-9F2F-EA7D48B56FF4}.Release|ARM.Deploy.0 = Release|ARM
		{C3B9E9FB-651C-42C8-9F2F-EA7D48B56FF4}.Release|iPhone.ActiveCfg = Release|Any CPU
		{C3B9E9FB-651C-42C8-9F2F-EA7D48B56FF4}.Release|iPhone.Build.0 = Release|Any CPU
		{C3B9E9FB-651C-42C8-9F2F-EA7D48B56FF4}.Release|iPhone.Deploy.0 = Release|Any CPU
		{C3B9E9FB-651C-42C8-9F2F-EA7D48B56FF4}.Release|iPhoneSimulator.ActiveCfg = Release|Any CPU
		{C3B9E9FB-651C-42C8-9F2F-EA7D48B56FF4}.Release|iPhoneSimulator.Build.0 = Release|Any CPU
		{C3B9E9FB-651C-42C8-9F2F-EA7D48B56FF4}.Release|iPhoneSimulator.Deploy.0 = Release|Any CPU
		{C3B9E9FB-651C-42C8-9F2F-EA7D48B56FF4}.Release|x64.ActiveCfg = Release|Any CPU
		{C3B9E9FB-651C-42C8-9F2F-EA7D48B56FF4}.Release|x64.Build.0 = Release|Any CPU
		{C3B9E9FB-651C-42C8-9F2F-EA7D48B56FF4}.Release|x64.Deploy.0 = Release|Any CPU
		{C3B9E9FB-651C-42C8-9F2F-EA7D48B56FF4}.Release|x86.ActiveCfg = Release|x86
		{C3B9E9FB-651C-42C8-9F2F-EA7D48B56FF4}.Release|x86.Build.0 = Release|x86
		{C3B9E9FB-651C-42C8-9F2F-EA7D48B56FF4}.Release|x86.Deploy.0 = Release|x86
		{0D255CC6-5FD9-4C7F-9AE2-A91B9877C185}.Ad-Hoc|Any CPU.ActiveCfg = Release|x86
		{0D255CC6-5FD9-4C7F-9AE2-A91B9877C185}.Ad-Hoc|Any CPU.Build.0 = Release|x86
		{0D255CC6-5FD9-4C7F-9AE2-A91B9877C185}.Ad-Hoc|Any CPU.Deploy.0 = Release|x86
		{0D255CC6-5FD9-4C7F-9AE2-A91B9877C185}.Ad-Hoc|ARM.ActiveCfg = Release|ARM
		{0D255CC6-5FD9-4C7F-9AE2-A91B9877C185}.Ad-Hoc|ARM.Build.0 = Release|ARM
		{0D255CC6-5FD9-4C7F-9AE2-A91B9877C185}.Ad-Hoc|ARM.Deploy.0 = Release|ARM
		{0D255CC6-5FD9-4C7F-9AE2-A91B9877C185}.Ad-Hoc|iPhone.ActiveCfg = Release|x86
		{0D255CC6-5FD9-4C7F-9AE2-A91B9877C185}.Ad-Hoc|iPhone.Build.0 = Release|x86
		{0D255CC6-5FD9-4C7F-9AE2-A91B9877C185}.Ad-Hoc|iPhone.Deploy.0 = Release|x86
		{0D255CC6-5FD9-4C7F-9AE2-A91B9877C185}.Ad-Hoc|iPhoneSimulator.ActiveCfg = Release|x86
		{0D255CC6-5FD9-4C7F-9AE2-A91B9877C185}.Ad-Hoc|iPhoneSimulator.Build.0 = Release|x86
		{0D255CC6-5FD9-4C7F-9AE2-A91B9877C185}.Ad-Hoc|iPhoneSimulator.Deploy.0 = Release|x86
		{0D255CC6-5FD9-4C7F-9AE2-A91B9877C185}.Ad-Hoc|x64.ActiveCfg = Release|x64
		{0D255CC6-5FD9-4C7F-9AE2-A91B9877C185}.Ad-Hoc|x64.Build.0 = Release|x64
		{0D255CC6-5FD9-4C7F-9AE2-A91B9877C185}.Ad-Hoc|x64.Deploy.0 = Release|x64
		{0D255CC6-5FD9-4C7F-9AE2-A91B9877C185}.Ad-Hoc|x86.ActiveCfg = Release|x86
		{0D255CC6-5FD9-4C7F-9AE2-A91B9877C185}.Ad-Hoc|x86.Build.0 = Release|x86
		{0D255CC6-5FD9-4C7F-9AE2-A91B9877C185}.Ad-Hoc|x86.Deploy.0 = Release|x86
		{0D255CC6-5FD9-4C7F-9AE2-A91B9877C185}.AppStore|Any CPU.ActiveCfg = Release|x86
		{0D255CC6-5FD9-4C7F-9AE2-A91B9877C185}.AppStore|Any CPU.Build.0 = Release|x86
		{0D255CC6-5FD9-4C7F-9AE2-A91B9877C185}.AppStore|Any CPU.Deploy.0 = Release|x86
		{0D255CC6-5FD9-4C7F-9AE2-A91B9877C185}.AppStore|ARM.ActiveCfg = Release|ARM
		{0D255CC6-5FD9-4C7F-9AE2-A91B9877C185}.AppStore|ARM.Build.0 = Release|ARM
		{0D255CC6-5FD9-4C7F-9AE2-A91B9877C185}.AppStore|ARM.Deploy.0 = Release|ARM
		{0D255CC6-5FD9-4C7F-9AE2-A91B9877C185}.AppStore|iPhone.ActiveCfg = Release|x86
		{0D255CC6-5FD9-4C7F-9AE2-A91B9877C185}.AppStore|iPhone.Build.0 = Release|x86
		{0D255CC6-5FD9-4C7F-9AE2-A91B9877C185}.AppStore|iPhone.Deploy.0 = Release|x86
		{0D255CC6-5FD9-4C7F-9AE2-A91B9877C185}.AppStore|iPhoneSimulator.ActiveCfg = Release|x86
		{0D255CC6-5FD9-4C7F-9AE2-A91B9877C185}.AppStore|iPhoneSimulator.Build.0 = Release|x86
		{0D255CC6-5FD9-4C7F-9AE2-A91B9877C185}.AppStore|iPhoneSimulator.Deploy.0 = Release|x86
		{0D255CC6-5FD9-4C7F-9AE2-A91B9877C185}.AppStore|x64.ActiveCfg = Release|x64
		{0D255CC6-5FD9-4C7F-9AE2-A91B9877C185}.AppStore|x64.Build.0 = Release|x64
		{0D255CC6-5FD9-4C7F-9AE2-A91B9877C185}.AppStore|x64.Deploy.0 = Release|x64
		{0D255CC6-5FD9-4C7F-9AE2-A91B9877C185}.AppStore|x86.ActiveCfg = Release|x86
		{0D255CC6-5FD9-4C7F-9AE2-A91B9877C185}.AppStore|x86.Build.0 = Release|x86
		{0D255CC6-5FD9-4C7F-9AE2-A91B9877C185}.AppStore|x86.Deploy.0 = Release|x86
		{0D255CC6-5FD9-4C7F-9AE2-A91B9877C185}.Debug|Any CPU.ActiveCfg = Debug|x86
		{0D255CC6-5FD9-4C7F-9AE2-A91B9877C185}.Debug|Any CPU.Build.0 = Debug|x86
		{0D255CC6-5FD9-4C7F-9AE2-A91B9877C185}.Debug|Any CPU.Deploy.0 = Debug|x86
		{0D255CC6-5FD9-4C7F-9AE2-A91B9877C185}.Debug|ARM.ActiveCfg = Debug|ARM
		{0D255CC6-5FD9-4C7F-9AE2-A91B9877C185}.Debug|ARM.Build.0 = Debug|ARM
		{0D255CC6-5FD9-4C7F-9AE2-A91B9877C185}.Debug|ARM.Deploy.0 = Debug|ARM
		{0D255CC6-5FD9-4C7F-9AE2-A91B9877C185}.Debug|iPhone.ActiveCfg = Debug|x86
		{0D255CC6-5FD9-4C7F-9AE2-A91B9877C185}.Debug|iPhoneSimulator.ActiveCfg = Debug|x86
		{0D255CC6-5FD9-4C7F-9AE2-A91B9877C185}.Debug|x64.ActiveCfg = Debug|x64
		{0D255CC6-5FD9-4C7F-9AE2-A91B9877C185}.Debug|x64.Build.0 = Debug|x64
		{0D255CC6-5FD9-4C7F-9AE2-A91B9877C185}.Debug|x64.Deploy.0 = Debug|x64
		{0D255CC6-5FD9-4C7F-9AE2-A91B9877C185}.Debug|x86.ActiveCfg = Debug|x86
		{0D255CC6-5FD9-4C7F-9AE2-A91B9877C185}.Debug|x86.Build.0 = Debug|x86
		{0D255CC6-5FD9-4C7F-9AE2-A91B9877C185}.Debug|x86.Deploy.0 = Debug|x86
		{0D255CC6-5FD9-4C7F-9AE2-A91B9877C185}.Release|Any CPU.ActiveCfg = Release|x86
		{0D255CC6-5FD9-4C7F-9AE2-A91B9877C185}.Release|ARM.ActiveCfg = Release|ARM
		{0D255CC6-5FD9-4C7F-9AE2-A91B9877C185}.Release|ARM.Build.0 = Release|ARM
		{0D255CC6-5FD9-4C7F-9AE2-A91B9877C185}.Release|ARM.Deploy.0 = Release|ARM
		{0D255CC6-5FD9-4C7F-9AE2-A91B9877C185}.Release|iPhone.ActiveCfg = Release|x86
		{0D255CC6-5FD9-4C7F-9AE2-A91B9877C185}.Release|iPhoneSimulator.ActiveCfg = Release|x86
		{0D255CC6-5FD9-4C7F-9AE2-A91B9877C185}.Release|x64.ActiveCfg = Release|x64
		{0D255CC6-5FD9-4C7F-9AE2-A91B9877C185}.Release|x64.Build.0 = Release|x64
		{0D255CC6-5FD9-4C7F-9AE2-A91B9877C185}.Release|x64.Deploy.0 = Release|x64
		{0D255CC6-5FD9-4C7F-9AE2-A91B9877C185}.Release|x86.ActiveCfg = Release|x86
		{0D255CC6-5FD9-4C7F-9AE2-A91B9877C185}.Release|x86.Build.0 = Release|x86
		{0D255CC6-5FD9-4C7F-9AE2-A91B9877C185}.Release|x86.Deploy.0 = Release|x86
		{289CCF65-3A8B-487B-8A64-8F8957BCC007}.Ad-Hoc|Any CPU.ActiveCfg = Release|Any CPU
		{289CCF65-3A8B-487B-8A64-8F8957BCC007}.Ad-Hoc|Any CPU.Build.0 = Release|Any CPU
		{289CCF65-3A8B-487B-8A64-8F8957BCC007}.Ad-Hoc|Any CPU.Deploy.0 = Release|Any CPU
		{289CCF65-3A8B-487B-8A64-8F8957BCC007}.Ad-Hoc|ARM.ActiveCfg = Release|ARM
		{289CCF65-3A8B-487B-8A64-8F8957BCC007}.Ad-Hoc|ARM.Build.0 = Release|ARM
		{289CCF65-3A8B-487B-8A64-8F8957BCC007}.Ad-Hoc|ARM.Deploy.0 = Release|ARM
		{289CCF65-3A8B-487B-8A64-8F8957BCC007}.Ad-Hoc|iPhone.ActiveCfg = Release|Any CPU
		{289CCF65-3A8B-487B-8A64-8F8957BCC007}.Ad-Hoc|iPhone.Build.0 = Release|Any CPU
		{289CCF65-3A8B-487B-8A64-8F8957BCC007}.Ad-Hoc|iPhone.Deploy.0 = Release|Any CPU
		{289CCF65-3A8B-487B-8A64-8F8957BCC007}.Ad-Hoc|iPhoneSimulator.ActiveCfg = Release|Any CPU
		{289CCF65-3A8B-487B-8A64-8F8957BCC007}.Ad-Hoc|iPhoneSimulator.Build.0 = Release|Any CPU
		{289CCF65-3A8B-487B-8A64-8F8957BCC007}.Ad-Hoc|iPhoneSimulator.Deploy.0 = Release|Any CPU
		{289CCF65-3A8B-487B-8A64-8F8957BCC007}.Ad-Hoc|x64.ActiveCfg = Release|x64
		{289CCF65-3A8B-487B-8A64-8F8957BCC007}.Ad-Hoc|x64.Build.0 = Release|x64
		{289CCF65-3A8B-487B-8A64-8F8957BCC007}.Ad-Hoc|x64.Deploy.0 = Release|x64
		{289CCF65-3A8B-487B-8A64-8F8957BCC007}.Ad-Hoc|x86.ActiveCfg = Release|x86
		{289CCF65-3A8B-487B-8A64-8F8957BCC007}.Ad-Hoc|x86.Build.0 = Release|x86
		{289CCF65-3A8B-487B-8A64-8F8957BCC007}.Ad-Hoc|x86.Deploy.0 = Release|x86
		{289CCF65-3A8B-487B-8A64-8F8957BCC007}.AppStore|Any CPU.ActiveCfg = Release|Any CPU
		{289CCF65-3A8B-487B-8A64-8F8957BCC007}.AppStore|Any CPU.Build.0 = Release|Any CPU
		{289CCF65-3A8B-487B-8A64-8F8957BCC007}.AppStore|Any CPU.Deploy.0 = Release|Any CPU
		{289CCF65-3A8B-487B-8A64-8F8957BCC007}.AppStore|ARM.ActiveCfg = Release|ARM
		{289CCF65-3A8B-487B-8A64-8F8957BCC007}.AppStore|ARM.Build.0 = Release|ARM
		{289CCF65-3A8B-487B-8A64-8F8957BCC007}.AppStore|ARM.Deploy.0 = Release|ARM
		{289CCF65-3A8B-487B-8A64-8F8957BCC007}.AppStore|iPhone.ActiveCfg = Release|Any CPU
		{289CCF65-3A8B-487B-8A64-8F8957BCC007}.AppStore|iPhone.Build.0 = Release|Any CPU
		{289CCF65-3A8B-487B-8A64-8F8957BCC007}.AppStore|iPhone.Deploy.0 = Release|Any CPU
		{289CCF65-3A8B-487B-8A64-8F8957BCC007}.AppStore|iPhoneSimulator.ActiveCfg = Release|Any CPU
		{289CCF65-3A8B-487B-8A64-8F8957BCC007}.AppStore|iPhoneSimulator.Build.0 = Release|Any CPU
		{289CCF65-3A8B-487B-8A64-8F8957BCC007}.AppStore|iPhoneSimulator.Deploy.0 = Release|Any CPU
		{289CCF65-3A8B-487B-8A64-8F8957BCC007}.AppStore|x64.ActiveCfg = Release|x64
		{289CCF65-3A8B-487B-8A64-8F8957BCC007}.AppStore|x64.Build.0 = Release|x64
		{289CCF65-3A8B-487B-8A64-8F8957BCC007}.AppStore|x64.Deploy.0 = Release|x64
		{289CCF65-3A8B-487B-8A64-8F8957BCC007}.AppStore|x86.ActiveCfg = Release|x86
		{289CCF65-3A8B-487B-8A64-8F8957BCC007}.AppStore|x86.Build.0 = Release|x86
		{289CCF65-3A8B-487B-8A64-8F8957BCC007}.AppStore|x86.Deploy.0 = Release|x86
		{289CCF65-3A8B-487B-8A64-8F8957BCC007}.Debug|Any CPU.ActiveCfg = Debug|Any CPU
		{289CCF65-3A8B-487B-8A64-8F8957BCC007}.Debug|Any CPU.Build.0 = Debug|Any CPU
		{289CCF65-3A8B-487B-8A64-8F8957BCC007}.Debug|Any CPU.Deploy.0 = Debug|Any CPU
		{289CCF65-3A8B-487B-8A64-8F8957BCC007}.Debug|ARM.ActiveCfg = Debug|ARM
		{289CCF65-3A8B-487B-8A64-8F8957BCC007}.Debug|ARM.Build.0 = Debug|ARM
		{289CCF65-3A8B-487B-8A64-8F8957BCC007}.Debug|ARM.Deploy.0 = Debug|ARM
		{289CCF65-3A8B-487B-8A64-8F8957BCC007}.Debug|iPhone.ActiveCfg = Debug|Any CPU
		{289CCF65-3A8B-487B-8A64-8F8957BCC007}.Debug|iPhone.Build.0 = Debug|Any CPU
		{289CCF65-3A8B-487B-8A64-8F8957BCC007}.Debug|iPhone.Deploy.0 = Debug|Any CPU
		{289CCF65-3A8B-487B-8A64-8F8957BCC007}.Debug|iPhoneSimulator.ActiveCfg = Debug|Any CPU
		{289CCF65-3A8B-487B-8A64-8F8957BCC007}.Debug|iPhoneSimulator.Build.0 = Debug|Any CPU
		{289CCF65-3A8B-487B-8A64-8F8957BCC007}.Debug|iPhoneSimulator.Deploy.0 = Debug|Any CPU
		{289CCF65-3A8B-487B-8A64-8F8957BCC007}.Debug|x64.ActiveCfg = Debug|x64
		{289CCF65-3A8B-487B-8A64-8F8957BCC007}.Debug|x64.Build.0 = Debug|x64
		{289CCF65-3A8B-487B-8A64-8F8957BCC007}.Debug|x64.Deploy.0 = Debug|x64
		{289CCF65-3A8B-487B-8A64-8F8957BCC007}.Debug|x86.ActiveCfg = Debug|x86
		{289CCF65-3A8B-487B-8A64-8F8957BCC007}.Debug|x86.Build.0 = Debug|x86
		{289CCF65-3A8B-487B-8A64-8F8957BCC007}.Debug|x86.Deploy.0 = Debug|x86
		{289CCF65-3A8B-487B-8A64-8F8957BCC007}.Release|Any CPU.ActiveCfg = Release|Any CPU
		{289CCF65-3A8B-487B-8A64-8F8957BCC007}.Release|Any CPU.Build.0 = Release|Any CPU
		{289CCF65-3A8B-487B-8A64-8F8957BCC007}.Release|Any CPU.Deploy.0 = Release|Any CPU
		{289CCF65-3A8B-487B-8A64-8F8957BCC007}.Release|ARM.ActiveCfg = Release|ARM
		{289CCF65-3A8B-487B-8A64-8F8957BCC007}.Release|ARM.Build.0 = Release|ARM
		{289CCF65-3A8B-487B-8A64-8F8957BCC007}.Release|ARM.Deploy.0 = Release|ARM
		{289CCF65-3A8B-487B-8A64-8F8957BCC007}.Release|iPhone.ActiveCfg = Release|Any CPU
		{289CCF65-3A8B-487B-8A64-8F8957BCC007}.Release|iPhone.Build.0 = Release|Any CPU
		{289CCF65-3A8B-487B-8A64-8F8957BCC007}.Release|iPhone.Deploy.0 = Release|Any CPU
		{289CCF65-3A8B-487B-8A64-8F8957BCC007}.Release|iPhoneSimulator.ActiveCfg = Release|Any CPU
		{289CCF65-3A8B-487B-8A64-8F8957BCC007}.Release|iPhoneSimulator.Build.0 = Release|Any CPU
		{289CCF65-3A8B-487B-8A64-8F8957BCC007}.Release|iPhoneSimulator.Deploy.0 = Release|Any CPU
		{289CCF65-3A8B-487B-8A64-8F8957BCC007}.Release|x64.ActiveCfg = Release|x64
		{289CCF65-3A8B-487B-8A64-8F8957BCC007}.Release|x64.Build.0 = Release|x64
		{289CCF65-3A8B-487B-8A64-8F8957BCC007}.Release|x64.Deploy.0 = Release|x64
		{289CCF65-3A8B-487B-8A64-8F8957BCC007}.Release|x86.ActiveCfg = Release|x86
		{289CCF65-3A8B-487B-8A64-8F8957BCC007}.Release|x86.Build.0 = Release|x86
		{289CCF65-3A8B-487B-8A64-8F8957BCC007}.Release|x86.Deploy.0 = Release|x86
		{5A706BA1-0160-4E62-8271-F268C9ED4C39}.Ad-Hoc|Any CPU.ActiveCfg = Release|Any CPU
		{5A706BA1-0160-4E62-8271-F268C9ED4C39}.Ad-Hoc|Any CPU.Build.0 = Release|Any CPU
		{5A706BA1-0160-4E62-8271-F268C9ED4C39}.Ad-Hoc|ARM.ActiveCfg = Release|Any CPU
		{5A706BA1-0160-4E62-8271-F268C9ED4C39}.Ad-Hoc|ARM.Build.0 = Release|Any CPU
		{5A706BA1-0160-4E62-8271-F268C9ED4C39}.Ad-Hoc|iPhone.ActiveCfg = Release|Any CPU
		{5A706BA1-0160-4E62-8271-F268C9ED4C39}.Ad-Hoc|iPhone.Build.0 = Release|Any CPU
		{5A706BA1-0160-4E62-8271-F268C9ED4C39}.Ad-Hoc|iPhoneSimulator.ActiveCfg = Release|Any CPU
		{5A706BA1-0160-4E62-8271-F268C9ED4C39}.Ad-Hoc|iPhoneSimulator.Build.0 = Release|Any CPU
		{5A706BA1-0160-4E62-8271-F268C9ED4C39}.Ad-Hoc|x64.ActiveCfg = Release|Any CPU
		{5A706BA1-0160-4E62-8271-F268C9ED4C39}.Ad-Hoc|x64.Build.0 = Release|Any CPU
		{5A706BA1-0160-4E62-8271-F268C9ED4C39}.Ad-Hoc|x86.ActiveCfg = Release|Any CPU
		{5A706BA1-0160-4E62-8271-F268C9ED4C39}.Ad-Hoc|x86.Build.0 = Release|Any CPU
		{5A706BA1-0160-4E62-8271-F268C9ED4C39}.AppStore|Any CPU.ActiveCfg = Release|Any CPU
		{5A706BA1-0160-4E62-8271-F268C9ED4C39}.AppStore|Any CPU.Build.0 = Release|Any CPU
		{5A706BA1-0160-4E62-8271-F268C9ED4C39}.AppStore|ARM.ActiveCfg = Release|Any CPU
		{5A706BA1-0160-4E62-8271-F268C9ED4C39}.AppStore|ARM.Build.0 = Release|Any CPU
		{5A706BA1-0160-4E62-8271-F268C9ED4C39}.AppStore|iPhone.ActiveCfg = Release|Any CPU
		{5A706BA1-0160-4E62-8271-F268C9ED4C39}.AppStore|iPhone.Build.0 = Release|Any CPU
		{5A706BA1-0160-4E62-8271-F268C9ED4C39}.AppStore|iPhoneSimulator.ActiveCfg = Release|Any CPU
		{5A706BA1-0160-4E62-8271-F268C9ED4C39}.AppStore|iPhoneSimulator.Build.0 = Release|Any CPU
		{5A706BA1-0160-4E62-8271-F268C9ED4C39}.AppStore|x64.ActiveCfg = Release|Any CPU
		{5A706BA1-0160-4E62-8271-F268C9ED4C39}.AppStore|x64.Build.0 = Release|Any CPU
		{5A706BA1-0160-4E62-8271-F268C9ED4C39}.AppStore|x86.ActiveCfg = Release|Any CPU
		{5A706BA1-0160-4E62-8271-F268C9ED4C39}.AppStore|x86.Build.0 = Release|Any CPU
		{5A706BA1-0160-4E62-8271-F268C9ED4C39}.Debug|Any CPU.ActiveCfg = Debug|Any CPU
		{5A706BA1-0160-4E62-8271-F268C9ED4C39}.Debug|Any CPU.Build.0 = Debug|Any CPU
		{5A706BA1-0160-4E62-8271-F268C9ED4C39}.Debug|ARM.ActiveCfg = Debug|Any CPU
		{5A706BA1-0160-4E62-8271-F268C9ED4C39}.Debug|ARM.Build.0 = Debug|Any CPU
		{5A706BA1-0160-4E62-8271-F268C9ED4C39}.Debug|iPhone.ActiveCfg = Debug|Any CPU
		{5A706BA1-0160-4E62-8271-F268C9ED4C39}.Debug|iPhone.Build.0 = Debug|Any CPU
		{5A706BA1-0160-4E62-8271-F268C9ED4C39}.Debug|iPhoneSimulator.ActiveCfg = Debug|Any CPU
		{5A706BA1-0160-4E62-8271-F268C9ED4C39}.Debug|iPhoneSimulator.Build.0 = Debug|Any CPU
		{5A706BA1-0160-4E62-8271-F268C9ED4C39}.Debug|x64.ActiveCfg = Debug|Any CPU
		{5A706BA1-0160-4E62-8271-F268C9ED4C39}.Debug|x64.Build.0 = Debug|Any CPU
		{5A706BA1-0160-4E62-8271-F268C9ED4C39}.Debug|x86.ActiveCfg = Debug|Any CPU
		{5A706BA1-0160-4E62-8271-F268C9ED4C39}.Debug|x86.Build.0 = Debug|Any CPU
		{5A706BA1-0160-4E62-8271-F268C9ED4C39}.Release|Any CPU.ActiveCfg = Release|Any CPU
		{5A706BA1-0160-4E62-8271-F268C9ED4C39}.Release|Any CPU.Build.0 = Release|Any CPU
		{5A706BA1-0160-4E62-8271-F268C9ED4C39}.Release|ARM.ActiveCfg = Release|Any CPU
		{5A706BA1-0160-4E62-8271-F268C9ED4C39}.Release|ARM.Build.0 = Release|Any CPU
		{5A706BA1-0160-4E62-8271-F268C9ED4C39}.Release|iPhone.ActiveCfg = Release|Any CPU
		{5A706BA1-0160-4E62-8271-F268C9ED4C39}.Release|iPhone.Build.0 = Release|Any CPU
		{5A706BA1-0160-4E62-8271-F268C9ED4C39}.Release|iPhoneSimulator.ActiveCfg = Release|Any CPU
		{5A706BA1-0160-4E62-8271-F268C9ED4C39}.Release|iPhoneSimulator.Build.0 = Release|Any CPU
		{5A706BA1-0160-4E62-8271-F268C9ED4C39}.Release|x64.ActiveCfg = Release|Any CPU
		{5A706BA1-0160-4E62-8271-F268C9ED4C39}.Release|x64.Build.0 = Release|Any CPU
		{5A706BA1-0160-4E62-8271-F268C9ED4C39}.Release|x86.ActiveCfg = Release|Any CPU
		{5A706BA1-0160-4E62-8271-F268C9ED4C39}.Release|x86.Build.0 = Release|Any CPU
	EndGlobalSection
	GlobalSection(SolutionProperties) = preSolution
		HideSolutionNode = FALSE
	EndGlobalSection
EndGlobal
